
Microsoft Visual Studio Solution File, Format Version 12.00
# Visual Studio Version 16
VisualStudioVersion = 16.0.30204.135
MinimumVisualStudioVersion = 10.0.40219.1
Project("{FAE04EC0-301F-11D3-BF4B-00C04F79EFBC}") = "Homework_11", "Homework_11\Homework_11.csproj", "{B92CFE25-A887-4AA4-9E22-998DC8D9B25B}"
EndProject
Global
	GlobalSection(SolutionConfigurationPlatforms) = preSolution
		Debug|Any CPU = Debug|Any CPU
		Release|Any CPU = Release|Any CPU
	EndGlobalSection
	GlobalSection(ProjectConfigurationPlatforms) = postSolution
		{B92CFE25-A887-4AA4-9E22-998DC8D9B25B}.Debug|Any CPU.ActiveCfg = Debug|Any CPU
		{B92CFE25-A887-4AA4-9E22-998DC8D9B25B}.Debug|Any CPU.Build.0 = Debug|Any CPU
		{B92CFE25-A887-4AA4-9E22-998DC8D9B25B}.Release|Any CPU.ActiveCfg = Release|Any CPU
		{B92CFE25-A887-4AA4-9E22-998DC8D9B25B}.Release|Any CPU.Build.0 = Release|Any CPU
	EndGlobalSection
	GlobalSection(SolutionProperties) = preSolution
		HideSolutionNode = FALSE
	EndGlobalSection
	GlobalSection(ExtensibilityGlobals) = postSolution
		SolutionGuid = {36888B52-BF22-4C34-B305-54F4176363AE}
	EndGlobalSection
EndGlobal
